
Microsoft Visual Studio Solution File, Format Version 12.00
# Visual Studio Version 16
VisualStudioVersion = 16.0.29324.140
MinimumVisualStudioVersion = 10.0.40219.1
Project("{9A19103F-16F7-4668-BE54-9A1E7A4F7556}") = "AOC-1-1", "AOC-1-1\AOC-1-1.csproj", "{6DBF6C04-14BE-4A5A-8195-B5C333CB31EB}"
EndProject
Project("{9A19103F-16F7-4668-BE54-9A1E7A4F7556}") = "AOC-2-1", "AOC-2-1\AOC-2-1.csproj", "{CB65E768-E331-4D34-B403-C641BF00F763}"
EndProject
Project("{9A19103F-16F7-4668-BE54-9A1E7A4F7556}") = "AOC-3-1", "AOC-3-1\AOC-3-1.csproj", "{582802C5-B544-45F7-BD65-E89CCA84376A}"
EndProject
Project("{9A19103F-16F7-4668-BE54-9A1E7A4F7556}") = "AOC-4-1", "AOC-4-1\AOC-4-1.csproj", "{C931CA41-1D68-4DA1-A3D4-E1C5681CC566}"
EndProject
Project("{9A19103F-16F7-4668-BE54-9A1E7A4F7556}") = "AOC-5-1", "AOC-5-1\AOC-5-1.csproj", "{E3828932-A73F-42A9-8704-0BF6C7453F19}"
EndProject
Project("{9A19103F-16F7-4668-BE54-9A1E7A4F7556}") = "AOC-6-1", "AOC-6-1\AOC-6-1.csproj", "{9A95FC0A-2BCD-4D17-999A-A7AB32ED945C}"
EndProject
Project("{9A19103F-16F7-4668-BE54-9A1E7A4F7556}") = "AOC-7-1", "AOC-7-1\AOC-7-1.csproj", "{A10BA126-8536-4954-A5BD-64244D2C15E4}"
EndProject
Project("{9A19103F-16F7-4668-BE54-9A1E7A4F7556}") = "AOC-8-1", "AOC-8-1\AOC-8-1.csproj", "{86517069-9997-4700-B706-CD7230D3D82E}"
EndProject
Project("{9A19103F-16F7-4668-BE54-9A1E7A4F7556}") = "AOC-9-1", "AOC-9-1\AOC-9-1.csproj", "{6FB2166B-92BC-4FEE-B6C8-F9B6ECE2FC9F}"
EndProject
Project("{9A19103F-16F7-4668-BE54-9A1E7A4F7556}") = "AOC-9-1.Tests", "AOC-9-1.Tests\AOC-9-1.Tests.csproj", "{1B6DE7FD-2862-40B8-B061-72138485E416}"
EndProject
Project("{9A19103F-16F7-4668-BE54-9A1E7A4F7556}") = "AOC-10-1", "AOC-10-1\AOC-10-1.csproj", "{2437BCA8-BB14-470C-8D77-BE282C383CAB}"
EndProject
Project("{9A19103F-16F7-4668-BE54-9A1E7A4F7556}") = "AOC-10-1.Tests", "AOC-10-1.Tests\AOC-10-1.Tests.csproj", "{C73E3984-CE1F-430C-BA8C-BCFA67953949}"
EndProject
Project("{9A19103F-16F7-4668-BE54-9A1E7A4F7556}") = "AOC-11-1", "AOC-11-1\AOC-11-1.csproj", "{53A4846C-3DB1-46C7-AAF0-4FBBACA3606A}"
EndProject
Project("{9A19103F-16F7-4668-BE54-9A1E7A4F7556}") = "AOC-11-1.Tests", "AOC-11-1.Tests\AOC-11-1.Tests.csproj", "{C1483884-84AD-46B9-B405-20690B0CC79B}"
EndProject
Project("{FAE04EC0-301F-11D3-BF4B-00C04F79EFBC}") = "AOC-12-1", "AOC-12-1\AOC-12-1.csproj", "{21E6D0FD-2FC1-465B-8AD9-6F813E297E8E}"
EndProject
Global
	GlobalSection(SolutionConfigurationPlatforms) = preSolution
		Debug|Any CPU = Debug|Any CPU
		Release|Any CPU = Release|Any CPU
	EndGlobalSection
	GlobalSection(ProjectConfigurationPlatforms) = postSolution
		{6DBF6C04-14BE-4A5A-8195-B5C333CB31EB}.Debug|Any CPU.ActiveCfg = Debug|Any CPU
		{6DBF6C04-14BE-4A5A-8195-B5C333CB31EB}.Debug|Any CPU.Build.0 = Debug|Any CPU
		{6DBF6C04-14BE-4A5A-8195-B5C333CB31EB}.Release|Any CPU.ActiveCfg = Release|Any CPU
		{6DBF6C04-14BE-4A5A-8195-B5C333CB31EB}.Release|Any CPU.Build.0 = Release|Any CPU
		{CB65E768-E331-4D34-B403-C641BF00F763}.Debug|Any CPU.ActiveCfg = Debug|Any CPU
		{CB65E768-E331-4D34-B403-C641BF00F763}.Debug|Any CPU.Build.0 = Debug|Any CPU
		{CB65E768-E331-4D34-B403-C641BF00F763}.Release|Any CPU.ActiveCfg = Release|Any CPU
		{CB65E768-E331-4D34-B403-C641BF00F763}.Release|Any CPU.Build.0 = Release|Any CPU
		{582802C5-B544-45F7-BD65-E89CCA84376A}.Debug|Any CPU.ActiveCfg = Debug|Any CPU
		{582802C5-B544-45F7-BD65-E89CCA84376A}.Debug|Any CPU.Build.0 = Debug|Any CPU
		{582802C5-B544-45F7-BD65-E89CCA84376A}.Release|Any CPU.ActiveCfg = Release|Any CPU
		{582802C5-B544-45F7-BD65-E89CCA84376A}.Release|Any CPU.Build.0 = Release|Any CPU
		{C931CA41-1D68-4DA1-A3D4-E1C5681CC566}.Debug|Any CPU.ActiveCfg = Debug|Any CPU
		{C931CA41-1D68-4DA1-A3D4-E1C5681CC566}.Debug|Any CPU.Build.0 = Debug|Any CPU
		{C931CA41-1D68-4DA1-A3D4-E1C5681CC566}.Release|Any CPU.ActiveCfg = Release|Any CPU
		{C931CA41-1D68-4DA1-A3D4-E1C5681CC566}.Release|Any CPU.Build.0 = Release|Any CPU
		{E3828932-A73F-42A9-8704-0BF6C7453F19}.Debug|Any CPU.ActiveCfg = Debug|Any CPU
		{E3828932-A73F-42A9-8704-0BF6C7453F19}.Debug|Any CPU.Build.0 = Debug|Any CPU
		{E3828932-A73F-42A9-8704-0BF6C7453F19}.Release|Any CPU.ActiveCfg = Release|Any CPU
		{E3828932-A73F-42A9-8704-0BF6C7453F19}.Release|Any CPU.Build.0 = Release|Any CPU
		{9A95FC0A-2BCD-4D17-999A-A7AB32ED945C}.Debug|Any CPU.ActiveCfg = Debug|Any CPU
		{9A95FC0A-2BCD-4D17-999A-A7AB32ED945C}.Debug|Any CPU.Build.0 = Debug|Any CPU
		{9A95FC0A-2BCD-4D17-999A-A7AB32ED945C}.Release|Any CPU.ActiveCfg = Release|Any CPU
		{9A95FC0A-2BCD-4D17-999A-A7AB32ED945C}.Release|Any CPU.Build.0 = Release|Any CPU
		{A10BA126-8536-4954-A5BD-64244D2C15E4}.Debug|Any CPU.ActiveCfg = Debug|Any CPU
		{A10BA126-8536-4954-A5BD-64244D2C15E4}.Debug|Any CPU.Build.0 = Debug|Any CPU
		{A10BA126-8536-4954-A5BD-64244D2C15E4}.Release|Any CPU.ActiveCfg = Release|Any CPU
		{A10BA126-8536-4954-A5BD-64244D2C15E4}.Release|Any CPU.Build.0 = Release|Any CPU
		{86517069-9997-4700-B706-CD7230D3D82E}.Debug|Any CPU.ActiveCfg = Debug|Any CPU
		{86517069-9997-4700-B706-CD7230D3D82E}.Debug|Any CPU.Build.0 = Debug|Any CPU
		{86517069-9997-4700-B706-CD7230D3D82E}.Release|Any CPU.ActiveCfg = Release|Any CPU
		{86517069-9997-4700-B706-CD7230D3D82E}.Release|Any CPU.Build.0 = Release|Any CPU
		{6FB2166B-92BC-4FEE-B6C8-F9B6ECE2FC9F}.Debug|Any CPU.ActiveCfg = Debug|Any CPU
		{6FB2166B-92BC-4FEE-B6C8-F9B6ECE2FC9F}.Debug|Any CPU.Build.0 = Debug|Any CPU
		{6FB2166B-92BC-4FEE-B6C8-F9B6ECE2FC9F}.Release|Any CPU.ActiveCfg = Release|Any CPU
		{6FB2166B-92BC-4FEE-B6C8-F9B6ECE2FC9F}.Release|Any CPU.Build.0 = Release|Any CPU
		{1B6DE7FD-2862-40B8-B061-72138485E416}.Debug|Any CPU.ActiveCfg = Debug|Any CPU
		{1B6DE7FD-2862-40B8-B061-72138485E416}.Debug|Any CPU.Build.0 = Debug|Any CPU
		{1B6DE7FD-2862-40B8-B061-72138485E416}.Release|Any CPU.ActiveCfg = Release|Any CPU
		{1B6DE7FD-2862-40B8-B061-72138485E416}.Release|Any CPU.Build.0 = Release|Any CPU
		{2437BCA8-BB14-470C-8D77-BE282C383CAB}.Debug|Any CPU.ActiveCfg = Debug|Any CPU
		{2437BCA8-BB14-470C-8D77-BE282C383CAB}.Debug|Any CPU.Build.0 = Debug|Any CPU
		{2437BCA8-BB14-470C-8D77-BE282C383CAB}.Release|Any CPU.ActiveCfg = Release|Any CPU
		{2437BCA8-BB14-470C-8D77-BE282C383CAB}.Release|Any CPU.Build.0 = Release|Any CPU
		{C73E3984-CE1F-430C-BA8C-BCFA67953949}.Debug|Any CPU.ActiveCfg = Debug|Any CPU
		{C73E3984-CE1F-430C-BA8C-BCFA67953949}.Debug|Any CPU.Build.0 = Debug|Any CPU
		{C73E3984-CE1F-430C-BA8C-BCFA67953949}.Release|Any CPU.ActiveCfg = Release|Any CPU
		{C73E3984-CE1F-430C-BA8C-BCFA67953949}.Release|Any CPU.Build.0 = Release|Any CPU
		{53A4846C-3DB1-46C7-AAF0-4FBBACA3606A}.Debug|Any CPU.ActiveCfg = Debug|Any CPU
		{53A4846C-3DB1-46C7-AAF0-4FBBACA3606A}.Debug|Any CPU.Build.0 = Debug|Any CPU
		{53A4846C-3DB1-46C7-AAF0-4FBBACA3606A}.Release|Any CPU.ActiveCfg = Release|Any CPU
		{53A4846C-3DB1-46C7-AAF0-4FBBACA3606A}.Release|Any CPU.Build.0 = Release|Any CPU
		{C1483884-84AD-46B9-B405-20690B0CC79B}.Debug|Any CPU.ActiveCfg = Debug|Any CPU
		{C1483884-84AD-46B9-B405-20690B0CC79B}.Debug|Any CPU.Build.0 = Debug|Any CPU
		{C1483884-84AD-46B9-B405-20690B0CC79B}.Release|Any CPU.ActiveCfg = Release|Any CPU
		{C1483884-84AD-46B9-B405-20690B0CC79B}.Release|Any CPU.Build.0 = Release|Any CPU
		{21E6D0FD-2FC1-465B-8AD9-6F813E297E8E}.Debug|Any CPU.ActiveCfg = Debug|Any CPU
		{21E6D0FD-2FC1-465B-8AD9-6F813E297E8E}.Debug|Any CPU.Build.0 = Debug|Any CPU
		{21E6D0FD-2FC1-465B-8AD9-6F813E297E8E}.Release|Any CPU.ActiveCfg = Release|Any CPU
		{21E6D0FD-2FC1-465B-8AD9-6F813E297E8E}.Release|Any CPU.Build.0 = Release|Any CPU
	EndGlobalSection
	GlobalSection(SolutionProperties) = preSolution
		HideSolutionNode = FALSE
	EndGlobalSection
	GlobalSection(ExtensibilityGlobals) = postSolution
		SolutionGuid = {B3B56308-E8FE-40EE-B6F3-8147756C2095}
	EndGlobalSection
EndGlobal
